
Microsoft Visual Studio Solution File, Format Version 12.00
# Visual Studio Version 16
VisualStudioVersion = 16.0.29025.244
MinimumVisualStudioVersion = 10.0.40219.1
Project("{FAE04EC0-301F-11D3-BF4B-00C04F79EFBC}") = "AutoBuyer.App", "AutoBuyer.App\AutoBuyer.App.csproj", "{EF5CE90C-3A67-4946-B632-769F0187B974}"
EndProject
Project("{FAE04EC0-301F-11D3-BF4B-00C04F79EFBC}") = "AutoBuyer.Core", "AutoBuyer.Core\AutoBuyer.Core.csproj", "{030A34AD-D913-4A71-8E50-8E54A111741A}"
EndProject
Project("{FAE04EC0-301F-11D3-BF4B-00C04F79EFBC}") = "AutoBuyer.Tests", "AutoBuyer.Tests\AutoBuyer.Tests.csproj", "{A0C83C55-E588-4A19-8AD6-4B330589285E}"
EndProject
Project("{FAE04EC0-301F-11D3-BF4B-00C04F79EFBC}") = "AutoBuyer.Data", "AutoBuyer.DbBuilder\AutoBuyer.Data.csproj", "{4FAD3526-E954-4BE4-BAC4-4688A1E2B4E7}"
EndProject
Global
	GlobalSection(SolutionConfigurationPlatforms) = preSolution
		Debug|Any CPU = Debug|Any CPU
		Release|Any CPU = Release|Any CPU
	EndGlobalSection
	GlobalSection(ProjectConfigurationPlatforms) = postSolution
		{EF5CE90C-3A67-4946-B632-769F0187B974}.Debug|Any CPU.ActiveCfg = Debug|Any CPU
		{EF5CE90C-3A67-4946-B632-769F0187B974}.Debug|Any CPU.Build.0 = Debug|Any CPU
		{EF5CE90C-3A67-4946-B632-769F0187B974}.Release|Any CPU.ActiveCfg = Release|Any CPU
		{EF5CE90C-3A67-4946-B632-769F0187B974}.Release|Any CPU.Build.0 = Release|Any CPU
		{030A34AD-D913-4A71-8E50-8E54A111741A}.Debug|Any CPU.ActiveCfg = Debug|Any CPU
		{030A34AD-D913-4A71-8E50-8E54A111741A}.Debug|Any CPU.Build.0 = Debug|Any CPU
		{030A34AD-D913-4A71-8E50-8E54A111741A}.Release|Any CPU.ActiveCfg = Release|Any CPU
		{030A34AD-D913-4A71-8E50-8E54A111741A}.Release|Any CPU.Build.0 = Release|Any CPU
		{A0C83C55-E588-4A19-8AD6-4B330589285E}.Debug|Any CPU.ActiveCfg = Debug|Any CPU
		{A0C83C55-E588-4A19-8AD6-4B330589285E}.Debug|Any CPU.Build.0 = Debug|Any CPU
		{A0C83C55-E588-4A19-8AD6-4B330589285E}.Release|Any CPU.ActiveCfg = Release|Any CPU
		{A0C83C55-E588-4A19-8AD6-4B330589285E}.Release|Any CPU.Build.0 = Release|Any CPU
		{4FAD3526-E954-4BE4-BAC4-4688A1E2B4E7}.Debug|Any CPU.ActiveCfg = Debug|Any CPU
		{4FAD3526-E954-4BE4-BAC4-4688A1E2B4E7}.Debug|Any CPU.Build.0 = Debug|Any CPU
		{4FAD3526-E954-4BE4-BAC4-4688A1E2B4E7}.Release|Any CPU.ActiveCfg = Release|Any CPU
		{4FAD3526-E954-4BE4-BAC4-4688A1E2B4E7}.Release|Any CPU.Build.0 = Release|Any CPU
	EndGlobalSection
	GlobalSection(SolutionProperties) = preSolution
		HideSolutionNode = FALSE
	EndGlobalSection
	GlobalSection(ExtensibilityGlobals) = postSolution
		SolutionGuid = {36622F59-EC2A-4E63-AB55-A13BB5D3DC6F}
	EndGlobalSection
EndGlobal
